{
  "requires": true,
  "lockfileVersion": 1,
  "dependencies": {
    "ng-sidebar": {
      "version": "8.0.0",
      "resolved": "https://repository.porscheinformatik.com/repository/npm-public/ng-sidebar/-/ng-sidebar-8.0.0.tgz",
      "integrity": "sha512-+uCduUkcsOerb8MjecrPcP1KY8gKyd8XVBB+8jRao/JCz/qBwD9E2GPRGLL+NzwU72coYhL8L4UvhZwwIpl1rA=="
    }
  }
}
